// !$*UTF8*$!
{
	archiveVersion = 1;
	classes = {
	};
	objectVersion = 46;
	objects = {

/* Begin PBXBuildFile section */
		19B220FC1AA56F0100416D40 /* AppDelegate.swift in Sources */ = {isa = PBXBuildFile; fileRef = 19B220FB1AA56F0100416D40 /* AppDelegate.swift */; };
		19B220FE1AA56F0100416D40 /* ViewController.swift in Sources */ = {isa = PBXBuildFile; fileRef = 19B220FD1AA56F0100416D40 /* ViewController.swift */; };
		19B221011AA56F0100416D40 /* Main.storyboard in Resources */ = {isa = PBXBuildFile; fileRef = 19B220FF1AA56F0100416D40 /* Main.storyboard */; };
		19B221031AA56F0100416D40 /* Images.xcassets in Resources */ = {isa = PBXBuildFile; fileRef = 19B221021AA56F0100416D40 /* Images.xcassets */; };
		19B221061AA56F0100416D40 /* LaunchScreen.xib in Resources */ = {isa = PBXBuildFile; fileRef = 19B221041AA56F0100416D40 /* LaunchScreen.xib */; };
		19B221121AA56F0100416D40 /* YouTubeTests.swift in Sources */ = {isa = PBXBuildFile; fileRef = 19B221111AA56F0100416D40 /* YouTubeTests.swift */; };
		19B2211C1AA56F7500416D40 /* FeedViewController.swift in Sources */ = {isa = PBXBuildFile; fileRef = 19B2211B1AA56F7500416D40 /* FeedViewController.swift */; };
		19B2211E1AA56F8000416D40 /* MenuViewController.swift in Sources */ = {isa = PBXBuildFile; fileRef = 19B2211D1AA56F8000416D40 /* MenuViewController.swift */; };
		19B221201AA56F8F00416D40 /* HamburgerViewController.swift in Sources */ = {isa = PBXBuildFile; fileRef = 19B2211F1AA56F8F00416D40 /* HamburgerViewController.swift */; };
/* End PBXBuildFile section */

/* Begin PBXContainerItemProxy section */
		19B2210C1AA56F0100416D40 /* PBXContainerItemProxy */ = {
			isa = PBXContainerItemProxy;
			containerPortal = 19B220EE1AA56F0100416D40 /* Project object */;
			proxyType = 1;
			remoteGlobalIDString = 19B220F51AA56F0100416D40;
			remoteInfo = YouTube;
		};
/* End PBXContainerItemProxy section */

/* Begin PBXFileReference section */
		19B220F61AA56F0100416D40 /* YouTube.app */ = {isa = PBXFileReference; explicitFileType = wrapper.application; includeInIndex = 0; path = YouTube.app; sourceTree = BUILT_PRODUCTS_DIR; };
		19B220FA1AA56F0100416D40 /* Info.plist */ = {isa = PBXFileReference; lastKnownFileType = text.plist.xml; path = Info.plist; sourceTree = "<group>"; };
		19B220FB1AA56F0100416D40 /* AppDelegate.swift */ = {isa = PBXFileReference; lastKnownFileType = sourcecode.swift; path = AppDelegate.swift; sourceTree = "<group>"; };
		19B220FD1AA56F0100416D40 /* ViewController.swift */ = {isa = PBXFileReference; lastKnownFileType = sourcecode.swift; path = ViewController.swift; sourceTree = "<group>"; };
		19B221001AA56F0100416D40 /* Base */ = {isa = PBXFileReference; lastKnownFileType = file.storyboard; name = Base; path = Base.lproj/Main.storyboard; sourceTree = "<group>"; };
		19B221021AA56F0100416D40 /* Images.xcassets */ = {isa = PBXFileReference; lastKnownFileType = folder.assetcatalog; path = Images.xcassets; sourceTree = "<group>"; };
		19B221051AA56F0100416D40 /* Base */ = {isa = PBXFileReference; lastKnownFileType = file.xib; name = Base; path = Base.lproj/LaunchScreen.xib; sourceTree = "<group>"; };
		19B2210B1AA56F0100416D40 /* YouTubeTests.xctest */ = {isa = PBXFileReference; explicitFileType = wrapper.cfbundle; includeInIndex = 0; path = YouTubeTests.xctest; sourceTree = BUILT_PRODUCTS_DIR; };
		19B221101AA56F0100416D40 /* Info.plist */ = {isa = PBXFileReference; lastKnownFileType = text.plist.xml; path = Info.plist; sourceTree = "<group>"; };
		19B221111AA56F0100416D40 /* YouTubeTests.swift */ = {isa = PBXFileReference; lastKnownFileType = sourcecode.swift; path = YouTubeTests.swift; sourceTree = "<group>"; };
		19B2211B1AA56F7500416D40 /* FeedViewController.swift */ = {isa = PBXFileReference; fileEncoding = 4; lastKnownFileType = sourcecode.swift; path = FeedViewController.swift; sourceTree = "<group>"; };
		19B2211D1AA56F8000416D40 /* MenuViewController.swift */ = {isa = PBXFileReference; fileEncoding = 4; lastKnownFileType = sourcecode.swift; path = MenuViewController.swift; sourceTree = "<group>"; };
		19B2211F1AA56F8F00416D40 /* HamburgerViewController.swift */ = {isa = PBXFileReference; fileEncoding = 4; lastKnownFileType = sourcecode.swift; path = HamburgerViewController.swift; sourceTree = "<group>"; };
/* End PBXFileReference section */

/* Begin PBXFrameworksBuildPhase section */
		19B220F31AA56F0100416D40 /* Frameworks */ = {
			isa = PBXFrameworksBuildPhase;
			buildActionMask = 2147483647;
			files = (
			);
			runOnlyForDeploymentPostprocessing = 0;
		};
		19B221081AA56F0100416D40 /* Frameworks */ = {
			isa = PBXFrameworksBuildPhase;
			buildActionMask = 2147483647;
			files = (
			);
			runOnlyForDeploymentPostprocessing = 0;
		};
/* End PBXFrameworksBuildPhase section */

/* Begin PBXGroup section */
		19B220ED1AA56F0100416D40 = {
			isa = PBXGroup;
			children = (
				19B220F81AA56F0100416D40 /* YouTube */,
				19B2210E1AA56F0100416D40 /* YouTubeTests */,
				19B220F71AA56F0100416D40 /* Products */,
			);
			sourceTree = "<group>";
		};
		19B220F71AA56F0100416D40 /* Products */ = {
			isa = PBXGroup;
			children = (
				19B220F61AA56F0100416D40 /* YouTube.app */,
				19B2210B1AA56F0100416D40 /* YouTubeTests.xctest */,
			);
			name = Products;
			sourceTree = "<group>";
		};
		19B220F81AA56F0100416D40 /* YouTube */ = {
			isa = PBXGroup;
			children = (
				19B220FB1AA56F0100416D40 /* AppDelegate.swift */,
				19B220FD1AA56F0100416D40 /* ViewController.swift */,
				19B220FF1AA56F0100416D40 /* Main.storyboard */,
				19B221021AA56F0100416D40 /* Images.xcassets */,
				19B221041AA56F0100416D40 /* LaunchScreen.xib */,
				19B2211B1AA56F7500416D40 /* FeedViewController.swift */,
				19B2211D1AA56F8000416D40 /* MenuViewController.swift */,
				19B2211F1AA56F8F00416D40 /* HamburgerViewController.swift */,
				19B220F91AA56F0100416D40 /* Supporting Files */,
			);
			path = YouTube;
			sourceTree = "<group>";
		};
		19B220F91AA56F0100416D40 /* Supporting Files */ = {
			isa = PBXGroup;
			children = (
				19B220FA1AA56F0100416D40 /* Info.plist */,
			);
			name = "Supporting Files";
			sourceTree = "<group>";
		};
		19B2210E1AA56F0100416D40 /* YouTubeTests */ = {
			isa = PBXGroup;
			children = (
				19B221111AA56F0100416D40 /* YouTubeTests.swift */,
				19B2210F1AA56F0100416D40 /* Supporting Files */,
			);
			path = YouTubeTests;
			sourceTree = "<group>";
		};
		19B2210F1AA56F0100416D40 /* Supporting Files */ = {
			isa = PBXGroup;
			children = (
				19B221101AA56F0100416D40 /* Info.plist */,
			);
			name = "Supporting Files";
			sourceTree = "<group>";
		};
/* End PBXGroup section */

/* Begin PBXNativeTarget section */
		19B220F51AA56F0100416D40 /* YouTube */ = {
			isa = PBXNativeTarget;
			buildConfigurationList = 19B221151AA56F0100416D40 /* Build configuration list for PBXNativeTarget "YouTube" */;
			buildPhases = (
				19B220F21AA56F0100416D40 /* Sources */,
				19B220F31AA56F0100416D40 /* Frameworks */,
				19B220F41AA56F0100416D40 /* Resources */,
			);
			buildRules = (
			);
			dependencies = (
			);
			name = YouTube;
			productName = YouTube;
			productReference = 19B220F61AA56F0100416D40 /* YouTube.app */;
			productType = "com.apple.product-type.application";
		};
		19B2210A1AA56F0100416D40 /* YouTubeTests */ = {
			isa = PBXNativeTarget;
			buildConfigurationList = 19B221181AA56F0100416D40 /* Build configuration list for PBXNativeTarget "YouTubeTests" */;
			buildPhases = (
				19B221071AA56F0100416D40 /* Sources */,
				19B221081AA56F0100416D40 /* Frameworks */,
				19B221091AA56F0100416D40 /* Resources */,
			);
			buildRules = (
			);
			dependencies = (
				19B2210D1AA56F0100416D40 /* PBXTargetDependency */,
			);
			name = YouTubeTests;
			productName = YouTubeTests;
			productReference = 19B2210B1AA56F0100416D40 /* YouTubeTests.xctest */;
			productType = "com.apple.product-type.bundle.unit-test";
		};
/* End PBXNativeTarget section */

/* Begin PBXProject section */
		19B220EE1AA56F0100416D40 /* Project object */ = {
			isa = PBXProject;
			attributes = {
				LastUpgradeCheck = 0610;
				ORGANIZATIONNAME = "Scott Tong";
				TargetAttributes = {
					19B220F51AA56F0100416D40 = {
						CreatedOnToolsVersion = 6.1.1;
					};
					19B2210A1AA56F0100416D40 = {
						CreatedOnToolsVersion = 6.1.1;
						TestTargetID = 19B220F51AA56F0100416D40;
					};
				};
			};
			buildConfigurationList = 19B220F11AA56F0100416D40 /* Build configuration list for PBXProject "YouTube" */;
			compatibilityVersion = "Xcode 3.2";
			developmentRegion = English;
			hasScannedForEncodings = 0;
			knownRegions = (
				en,
				Base,
			);
			mainGroup = 19B220ED1AA56F0100416D40;
			productRefGroup = 19B220F71AA56F0100416D40 /* Products */;
			projectDirPath = "";
			projectRoot = "";
			targets = (
				19B220F51AA56F0100416D40 /* YouTube */,
				19B2210A1AA56F0100416D40 /* YouTubeTests */,
			);
		};
/* End PBXProject section */

/* Begin PBXResourcesBuildPhase section */
		19B220F41AA56F0100416D40 /* Resources */ = {
			isa = PBXResourcesBuildPhase;
			buildActionMask = 2147483647;
			files = (
				19B221011AA56F0100416D40 /* Main.storyboard in Resources */,
				19B221061AA56F0100416D40 /* LaunchScreen.xib in Resources */,
				19B221031AA56F0100416D40 /* Images.xcassets in Resources */,
			);
			runOnlyForDeploymentPostprocessing = 0;
		};
		19B221091AA56F0100416D40 /* Resources */ = {
			isa = PBXResourcesBuildPhase;
			buildActionMask = 2147483647;
			files = (
			);
			runOnlyForDeploymentPostprocessing = 0;
		};
/* End PBXResourcesBuildPhase section */

/* Begin PBXSourcesBuildPhase section */
		19B220F21AA56F0100416D40 /* Sources */ = {
			isa = PBXSourcesBuildPhase;
			buildActionMask = 2147483647;
			files = (
				19B220FE1AA56F0100416D40 /* ViewController.swift in Sources */,
				19B2211C1AA56F7500416D40 /* FeedViewController.swift in Sources */,
				19B220FC1AA56F0100416D40 /* AppDelegate.swift in Sources */,
				19B221201AA56F8F00416D40 /* HamburgerViewController.swift in Sources */,
				19B2211E1AA56F8000416D40 /* MenuViewController.swift in Sources */,
			);
			runOnlyForDeploymentPostprocessing = 0;
		};
		19B221071AA56F0100416D40 /* Sources */ = {
			isa = PBXSourcesBuildPhase;
			buildActionMask = 2147483647;
			files = (
				19B221121AA56F0100416D40 /* YouTubeTests.swift in Sources */,
			);
			runOnlyForDeploymentPostprocessing = 0;
		};
/* End PBXSourcesBuildPhase section */

/* Begin PBXTargetDependency section */
		19B2210D1AA56F0100416D40 /* PBXTargetDependency */ = {
			isa = PBXTargetDependency;
			target = 19B220F51AA56F0100416D40 /* YouTube */;
			targetProxy = 19B2210C1AA56F0100416D40 /* PBXContainerItemProxy */;
		};
/* End PBXTargetDependency section */

/* Begin PBXVariantGroup section */
		19B220FF1AA56F0100416D40 /* Main.storyboard */ = {
			isa = PBXVariantGroup;
			children = (
				19B221001AA56F0100416D40 /* Base */,
			);
			name = Main.storyboard;
			sourceTree = "<group>";
		};
		19B221041AA56F0100416D40 /* LaunchScreen.xib */ = {
			isa = PBXVariantGroup;
			children = (
				19B221051AA56F0100416D40 /* Base */,
			);
			name = LaunchScreen.xib;
			sourceTree = "<group>";
		};
/* End PBXVariantGroup section */

/* Begin XCBuildConfiguration section */
		19B221131AA56F0100416D40 /* Debug */ = {
			isa = XCBuildConfiguration;
			buildSettings = {
				ALWAYS_SEARCH_USER_PATHS = NO;
				CLANG_CXX_LANGUAGE_STANDARD = "gnu++0x";
				CLANG_CXX_LIBRARY = "libc++";
				CLANG_ENABLE_MODULES = YES;
				CLANG_ENABLE_OBJC_ARC = YES;
				CLANG_WARN_BOOL_CONVERSION = YES;
				CLANG_WARN_CONSTANT_CONVERSION = YES;
				CLANG_WARN_DIRECT_OBJC_ISA_USAGE = YES_ERROR;
				CLANG_WARN_EMPTY_BODY = YES;
				CLANG_WARN_ENUM_CONVERSION = YES;
				CLANG_WARN_INT_CONVERSION = YES;
				CLANG_WARN_OBJC_ROOT_CLASS = YES_ERROR;
				CLANG_WARN_UNREACHABLE_CODE = YES;
				CLANG_WARN__DUPLICATE_METHOD_MATCH = YES;
				"CODE_SIGN_IDENTITY[sdk=iphoneos*]" = "iPhone Developer";
				COPY_PHASE_STRIP = NO;
				ENABLE_STRICT_OBJC_MSGSEND = YES;
				GCC_C_LANGUAGE_STANDARD = gnu99;
				GCC_DYNAMIC_NO_PIC = NO;
				GCC_OPTIMIZATION_LEVEL = 0;
				GCC_PREPROCESSOR_DEFINITIONS = (
					"DEBUG=1",
					"$(inherited)",
				);
				GCC_SYMBOLS_PRIVATE_EXTERN = NO;
				GCC_WARN_64_TO_32_BIT_CONVERSION = YES;
				GCC_WARN_ABOUT_RETURN_TYPE = YES_ERROR;
				GCC_WARN_UNDECLARED_SELECTOR = YES;
				GCC_WARN_UNINITIALIZED_AUTOS = YES_AGGRESSIVE;
				GCC_WARN_UNUSED_FUNCTION = YES;
				GCC_WARN_UNUSED_VARIABLE = YES;
				IPHONEOS_DEPLOYMENT_TARGET = 8.1;
				MTL_ENABLE_DEBUG_INFO = YES;
				ONLY_ACTIVE_ARCH = YES;
				SDKROOT = iphoneos;
				SWIFT_OPTIMIZATION_LEVEL = "-Onone";
			};
			name = Debug;
		};
		19B221141AA56F0100416D40 /* Release */ = {
			isa = XCBuildConfiguration;
			buildSettings = {
				ALWAYS_SEARCH_USER_PATHS = NO;
				CLANG_CXX_LANGUAGE_STANDARD = "gnu++0x";
				CLANG_CXX_LIBRARY = "libc++";
				CLANG_ENABLE_MODULES = YES;
				CLANG_ENABLE_OBJC_ARC = YES;
				CLANG_WARN_BOOL_CONVERSION = YES;
				CLANG_WARN_CONSTANT_CONVERSION = YES;
				CLANG_WARN_DIRECT_OBJC_ISA_USAGE = YES_ERROR;
				CLANG_WARN_EMPTY_BODY = YES;
				CLANG_WARN_ENUM_CONVERSION = YES;
				CLANG_WARN_INT_CONVERSION = YES;
				CLANG_WARN_OBJC_ROOT_CLASS = YES_ERROR;
				CLANG_WARN_UNREACHABLE_CODE = YES;
				CLANG_WARN__DUPLICATE_METHOD_MATCH = YES;
				"CODE_SIGN_IDENTITY[sdk=iphoneos*]" = "iPhone Developer";
				COPY_PHASE_STRIP = YES;
				ENABLE_NS_ASSERTIONS = NO;
				ENABLE_STRICT_OBJC_MSGSEND = YES;
				GCC_C_LANGUAGE_STANDARD = gnu99;
				GCC_WARN_64_TO_32_BIT_CONVERSION = YES;
				GCC_WARN_ABOUT_RETURN_TYPE = YES_ERROR;
				GCC_WARN_UNDECLARED_SELECTOR = YES;
				GCC_WARN_UNINITIALIZED_AUTOS = YES_AGGRESSIVE;
				GCC_WARN_UNUSED_FUNCTION = YES;
				GCC_WARN_UNUSED_VARIABLE = YES;
				IPHONEOS_DEPLOYMENT_TARGET = 8.1;
				MTL_ENABLE_DEBUG_INFO = NO;
				SDKROOT = iphoneos;
				VALIDATE_PRODUCT = YES;
			};
			name = Release;
		};
		19B221161AA56F0100416D40 /* Debug */ = {
			isa = XCBuildConfiguration;
			buildSettings = {
				ASSETCATALOG_COMPILER_APPICON_NAME = AppIcon;
				INFOPLIST_FILE = YouTube/Info.plist;
				LD_RUNPATH_SEARCH_PATHS = "$(inherited) @executable_path/Frameworks";
				PRODUCT_NAME = "$(TARGET_NAME)";
			};
			name = Debug;
		};
		19B221171AA56F0100416D40 /* Release */ = {
			isa = XCBuildConfiguration;
			buildSettings = {
				ASSETCATALOG_COMPILER_APPICON_NAME = AppIcon;
				INFOPLIST_FILE = YouTube/Info.plist;
				LD_RUNPATH_SEARCH_PATHS = "$(inherited) @executable_path/Frameworks";
				PRODUCT_NAME = "$(TARGET_NAME)";
			};
			name = Release;
		};
		19B221191AA56F0100416D40 /* Debug */ = {
			isa = XCBuildConfiguration;
			buildSettings = {
				BUNDLE_LOADER = "$(TEST_HOST)";
				FRAMEWORK_SEARCH_PATHS = (
					"$(SDKROOT)/Developer/Library/Frameworks",
					"$(inherited)",
				);
				GCC_PREPROCESSOR_DEFINITIONS = (
					"DEBUG=1",
					"$(inherited)",
				);
				INFOPLIST_FILE = YouTubeTests/Info.plist;
				LD_RUNPATH_SEARCH_PATHS = "$(inherited) @executable_path/Frameworks @loader_path/Frameworks";
				PRODUCT_NAME = "$(TARGET_NAME)";
				TEST_HOST = "$(BUILT_PRODUCTS_DIR)/YouTube.app/YouTube";
			};
			name = Debug;
		};
		19B2211A1AA56F0100416D40 /* Release */ = {
			isa = XCBuildConfiguration;
			buildSettings = {
				BUNDLE_LOADER = "$(TEST_HOST)";
				FRAMEWORK_SEARCH_PATHS = (
					"$(SDKROOT)/Developer/Library/Frameworks",
					"$(inherited)",
				);
				INFOPLIST_FILE = YouTubeTests/Info.plist;
				LD_RUNPATH_SEARCH_PATHS = "$(inherited) @executable_path/Frameworks @loader_path/Frameworks";
				PRODUCT_NAME = "$(TARGET_NAME)";
				TEST_HOST = "$(BUILT_PRODUCTS_DIR)/YouTube.app/YouTube";
			};
			name = Release;
		};
/* End XCBuildConfiguration section */

/* Begin XCConfigurationList section */
		19B220F11AA56F0100416D40 /* Build configuration list for PBXProject "YouTube" */ = {
			isa = XCConfigurationList;
			buildConfigurations = (
				19B221131AA56F0100416D40 /* Debug */,
				19B221141AA56F0100416D40 /* Release */,
			);
			defaultConfigurationIsVisible = 0;
			defaultConfigurationName = Release;
		};
		19B221151AA56F0100416D40 /* Build configuration list for PBXNativeTarget "YouTube" */ = {
			isa = XCConfigurationList;
			buildConfigurations = (
				19B221161AA56F0100416D40 /* Debug */,
				19B221171AA56F0100416D40 /* Release */,
			);
			defaultConfigurationIsVisible = 0;
		};
		19B221181AA56F0100416D40 /* Build configuration list for PBXNativeTarget "YouTubeTests" */ = {
			isa = XCConfigurationList;
			buildConfigurations = (
				19B221191AA56F0100416D40 /* Debug */,
				19B2211A1AA56F0100416D40 /* Release */,
			);
			defaultConfigurationIsVisible = 0;
		};
/* End XCConfigurationList section */
	};
	rootObject = 19B220EE1AA56F0100416D40 /* Project object */;
}
